// !$*UTF8*$!
{
	archiveVersion = 1;
	classes = {
	};
	objectVersion = 46;
	objects = {

/* Begin PBXBuildFile section */
		02D2F47E1CF2240900BCC2E8 /* AppDelegate.swift in Sources */ = {isa = PBXBuildFile; fileRef = 02D2F47D1CF2240900BCC2E8 /* AppDelegate.swift */; };
		02D2F4801CF2240900BCC2E8 /* ViewController.swift in Sources */ = {isa = PBXBuildFile; fileRef = 02D2F47F1CF2240900BCC2E8 /* ViewController.swift */; };
		02D2F4831CF2240900BCC2E8 /* Main.storyboard in Resources */ = {isa = PBXBuildFile; fileRef = 02D2F4811CF2240900BCC2E8 /* Main.storyboard */; };
		02D2F4851CF2240900BCC2E8 /* Assets.xcassets in Resources */ = {isa = PBXBuildFile; fileRef = 02D2F4841CF2240900BCC2E8 /* Assets.xcassets */; };
		02D2F4881CF2240900BCC2E8 /* LaunchScreen.storyboard in Resources */ = {isa = PBXBuildFile; fileRef = 02D2F4861CF2240900BCC2E8 /* LaunchScreen.storyboard */; };
		02D2F4931CF2240900BCC2E8 /* Week_1_Project__DropboxTests.swift in Sources */ = {isa = PBXBuildFile; fileRef = 02D2F4921CF2240900BCC2E8 /* Week_1_Project__DropboxTests.swift */; };
		02D2F49E1CF2240900BCC2E8 /* Week_1_Project__DropboxUITests.swift in Sources */ = {isa = PBXBuildFile; fileRef = 02D2F49D1CF2240900BCC2E8 /* Week_1_Project__DropboxUITests.swift */; };
/* End PBXBuildFile section */

/* Begin PBXContainerItemProxy section */
		02D2F48F1CF2240900BCC2E8 /* PBXContainerItemProxy */ = {
			isa = PBXContainerItemProxy;
			containerPortal = 02D2F4721CF2240900BCC2E8 /* Project object */;
			proxyType = 1;
			remoteGlobalIDString = 02D2F4791CF2240900BCC2E8;
			remoteInfo = "Week 1 Project: Dropbox";
		};
		02D2F49A1CF2240900BCC2E8 /* PBXContainerItemProxy */ = {
			isa = PBXContainerItemProxy;
			containerPortal = 02D2F4721CF2240900BCC2E8 /* Project object */;
			proxyType = 1;
			remoteGlobalIDString = 02D2F4791CF2240900BCC2E8;
			remoteInfo = "Week 1 Project: Dropbox";
		};
/* End PBXContainerItemProxy section */

/* Begin PBXFileReference section */
		02D2F47A1CF2240900BCC2E8 /* Week 1 Project: Dropbox.app */ = {isa = PBXFileReference; explicitFileType = wrapper.application; includeInIndex = 0; path = "Week 1 Project: Dropbox.app"; sourceTree = BUILT_PRODUCTS_DIR; };
		02D2F47D1CF2240900BCC2E8 /* AppDelegate.swift */ = {isa = PBXFileReference; lastKnownFileType = sourcecode.swift; path = AppDelegate.swift; sourceTree = "<group>"; };
		02D2F47F1CF2240900BCC2E8 /* ViewController.swift */ = {isa = PBXFileReference; lastKnownFileType = sourcecode.swift; path = ViewController.swift; sourceTree = "<group>"; };
		02D2F4821CF2240900BCC2E8 /* Base */ = {isa = PBXFileReference; lastKnownFileType = file.storyboard; name = Base; path = Base.lproj/Main.storyboard; sourceTree = "<group>"; };
		02D2F4841CF2240900BCC2E8 /* Assets.xcassets */ = {isa = PBXFileReference; lastKnownFileType = folder.assetcatalog; path = Assets.xcassets; sourceTree = "<group>"; };
		02D2F4871CF2240900BCC2E8 /* Base */ = {isa = PBXFileReference; lastKnownFileType = file.storyboard; name = Base; path = Base.lproj/LaunchScreen.storyboard; sourceTree = "<group>"; };
		02D2F4891CF2240900BCC2E8 /* Info.plist */ = {isa = PBXFileReference; lastKnownFileType = text.plist.xml; path = Info.plist; sourceTree = "<group>"; };
		02D2F48E1CF2240900BCC2E8 /* Week 1 Project: DropboxTests.xctest */ = {isa = PBXFileReference; explicitFileType = wrapper.cfbundle; includeInIndex = 0; path = "Week 1 Project: DropboxTests.xctest"; sourceTree = BUILT_PRODUCTS_DIR; };
		02D2F4921CF2240900BCC2E8 /* Week_1_Project__DropboxTests.swift */ = {isa = PBXFileReference; lastKnownFileType = sourcecode.swift; path = Week_1_Project__DropboxTests.swift; sourceTree = "<group>"; };
		02D2F4941CF2240900BCC2E8 /* Info.plist */ = {isa = PBXFileReference; lastKnownFileType = text.plist.xml; path = Info.plist; sourceTree = "<group>"; };
		02D2F4991CF2240900BCC2E8 /* Week 1 Project: DropboxUITests.xctest */ = {isa = PBXFileReference; explicitFileType = wrapper.cfbundle; includeInIndex = 0; path = "Week 1 Project: DropboxUITests.xctest"; sourceTree = BUILT_PRODUCTS_DIR; };
		02D2F49D1CF2240900BCC2E8 /* Week_1_Project__DropboxUITests.swift */ = {isa = PBXFileReference; lastKnownFileType = sourcecode.swift; path = Week_1_Project__DropboxUITests.swift; sourceTree = "<group>"; };
		02D2F49F1CF2240900BCC2E8 /* Info.plist */ = {isa = PBXFileReference; lastKnownFileType = text.plist.xml; path = Info.plist; sourceTree = "<group>"; };
/* End PBXFileReference section */

/* Begin PBXFrameworksBuildPhase section */
		02D2F4771CF2240900BCC2E8 /* Frameworks */ = {
			isa = PBXFrameworksBuildPhase;
			buildActionMask = 2147483647;
			files = (
			);
			runOnlyForDeploymentPostprocessing = 0;
		};
		02D2F48B1CF2240900BCC2E8 /* Frameworks */ = {
			isa = PBXFrameworksBuildPhase;
			buildActionMask = 2147483647;
			files = (
			);
			runOnlyForDeploymentPostprocessing = 0;
		};
		02D2F4961CF2240900BCC2E8 /* Frameworks */ = {
			isa = PBXFrameworksBuildPhase;
			buildActionMask = 2147483647;
			files = (
			);
			runOnlyForDeploymentPostprocessing = 0;
		};
/* End PBXFrameworksBuildPhase section */

/* Begin PBXGroup section */
		02D2F4711CF2240900BCC2E8 = {
			isa = PBXGroup;
			children = (
				02D2F47C1CF2240900BCC2E8 /* Week 1 Project: Dropbox */,
				02D2F4911CF2240900BCC2E8 /* Week 1 Project: DropboxTests */,
				02D2F49C1CF2240900BCC2E8 /* Week 1 Project: DropboxUITests */,
				02D2F47B1CF2240900BCC2E8 /* Products */,
			);
			sourceTree = "<group>";
		};
		02D2F47B1CF2240900BCC2E8 /* Products */ = {
			isa = PBXGroup;
			children = (
				02D2F47A1CF2240900BCC2E8 /* Week 1 Project: Dropbox.app */,
				02D2F48E1CF2240900BCC2E8 /* Week 1 Project: DropboxTests.xctest */,
				02D2F4991CF2240900BCC2E8 /* Week 1 Project: DropboxUITests.xctest */,
			);
			name = Products;
			sourceTree = "<group>";
		};
		02D2F47C1CF2240900BCC2E8 /* Week 1 Project: Dropbox */ = {
			isa = PBXGroup;
			children = (
				02D2F47D1CF2240900BCC2E8 /* AppDelegate.swift */,
				02D2F47F1CF2240900BCC2E8 /* ViewController.swift */,
				02D2F4811CF2240900BCC2E8 /* Main.storyboard */,
				02D2F4841CF2240900BCC2E8 /* Assets.xcassets */,
				02D2F4861CF2240900BCC2E8 /* LaunchScreen.storyboard */,
				02D2F4891CF2240900BCC2E8 /* Info.plist */,
			);
			path = "Week 1 Project: Dropbox";
			sourceTree = "<group>";
		};
		02D2F4911CF2240900BCC2E8 /* Week 1 Project: DropboxTests */ = {
			isa = PBXGroup;
			children = (
				02D2F4921CF2240900BCC2E8 /* Week_1_Project__DropboxTests.swift */,
				02D2F4941CF2240900BCC2E8 /* Info.plist */,
			);
			path = "Week 1 Project: DropboxTests";
			sourceTree = "<group>";
		};
		02D2F49C1CF2240900BCC2E8 /* Week 1 Project: DropboxUITests */ = {
			isa = PBXGroup;
			children = (
				02D2F49D1CF2240900BCC2E8 /* Week_1_Project__DropboxUITests.swift */,
				02D2F49F1CF2240900BCC2E8 /* Info.plist */,
			);
			path = "Week 1 Project: DropboxUITests";
			sourceTree = "<group>";
		};
/* End PBXGroup section */

/* Begin PBXNativeTarget section */
		02D2F4791CF2240900BCC2E8 /* Week 1 Project: Dropbox */ = {
			isa = PBXNativeTarget;
			buildConfigurationList = 02D2F4A21CF2240900BCC2E8 /* Build configuration list for PBXNativeTarget "Week 1 Project: Dropbox" */;
			buildPhases = (
				02D2F4761CF2240900BCC2E8 /* Sources */,
				02D2F4771CF2240900BCC2E8 /* Frameworks */,
				02D2F4781CF2240900BCC2E8 /* Resources */,
			);
			buildRules = (
			);
			dependencies = (
			);
			name = "Week 1 Project: Dropbox";
			productName = "Week 1 Project: Dropbox";
			productReference = 02D2F47A1CF2240900BCC2E8 /* Week 1 Project: Dropbox.app */;
			productType = "com.apple.product-type.application";
		};
		02D2F48D1CF2240900BCC2E8 /* Week 1 Project: DropboxTests */ = {
			isa = PBXNativeTarget;
			buildConfigurationList = 02D2F4A51CF2240900BCC2E8 /* Build configuration list for PBXNativeTarget "Week 1 Project: DropboxTests" */;
			buildPhases = (
				02D2F48A1CF2240900BCC2E8 /* Sources */,
				02D2F48B1CF2240900BCC2E8 /* Frameworks */,
				02D2F48C1CF2240900BCC2E8 /* Resources */,
			);
			buildRules = (
			);
			dependencies = (
				02D2F4901CF2240900BCC2E8 /* PBXTargetDependency */,
			);
			name = "Week 1 Project: DropboxTests";
			productName = "Week 1 Project: DropboxTests";
			productReference = 02D2F48E1CF2240900BCC2E8 /* Week 1 Project: DropboxTests.xctest */;
			productType = "com.apple.product-type.bundle.unit-test";
		};
		02D2F4981CF2240900BCC2E8 /* Week 1 Project: DropboxUITests */ = {
			isa = PBXNativeTarget;
			buildConfigurationList = 02D2F4A81CF2240900BCC2E8 /* Build configuration list for PBXNativeTarget "Week 1 Project: DropboxUITests" */;
			buildPhases = (
				02D2F4951CF2240900BCC2E8 /* Sources */,
				02D2F4961CF2240900BCC2E8 /* Frameworks */,
				02D2F4971CF2240900BCC2E8 /* Resources */,
			);
			buildRules = (
			);
			dependencies = (
				02D2F49B1CF2240900BCC2E8 /* PBXTargetDependency */,
			);
			name = "Week 1 Project: DropboxUITests";
			productName = "Week 1 Project: DropboxUITests";
			productReference = 02D2F4991CF2240900BCC2E8 /* Week 1 Project: DropboxUITests.xctest */;
			productType = "com.apple.product-type.bundle.ui-testing";
		};
/* End PBXNativeTarget section */

/* Begin PBXProject section */
		02D2F4721CF2240900BCC2E8 /* Project object */ = {
			isa = PBXProject;
			attributes = {
				LastSwiftUpdateCheck = 0730;
				LastUpgradeCheck = 0730;
				ORGANIZATIONNAME = "Pietro Schirano";
				TargetAttributes = {
					02D2F4791CF2240900BCC2E8 = {
						CreatedOnToolsVersion = 7.3;
					};
					02D2F48D1CF2240900BCC2E8 = {
						CreatedOnToolsVersion = 7.3;
						TestTargetID = 02D2F4791CF2240900BCC2E8;
					};
					02D2F4981CF2240900BCC2E8 = {
						CreatedOnToolsVersion = 7.3;
						TestTargetID = 02D2F4791CF2240900BCC2E8;
					};
				};
			};
			buildConfigurationList = 02D2F4751CF2240900BCC2E8 /* Build configuration list for PBXProject "Week 1 Project: Dropbox" */;
			compatibilityVersion = "Xcode 3.2";
			developmentRegion = English;
			hasScannedForEncodings = 0;
			knownRegions = (
				en,
				Base,
			);
			mainGroup = 02D2F4711CF2240900BCC2E8;
			productRefGroup = 02D2F47B1CF2240900BCC2E8 /* Products */;
			projectDirPath = "";
			projectRoot = "";
			targets = (
				02D2F4791CF2240900BCC2E8 /* Week 1 Project: Dropbox */,
				02D2F48D1CF2240900BCC2E8 /* Week 1 Project: DropboxTests */,
				02D2F4981CF2240900BCC2E8 /* Week 1 Project: DropboxUITests */,
			);
		};
/* End PBXProject section */

/* Begin PBXResourcesBuildPhase section */
		02D2F4781CF2240900BCC2E8 /* Resources */ = {
			isa = PBXResourcesBuildPhase;
			buildActionMask = 2147483647;
			files = (
				02D2F4881CF2240900BCC2E8 /* LaunchScreen.storyboard in Resources */,
				02D2F4851CF2240900BCC2E8 /* Assets.xcassets in Resources */,
				02D2F4831CF2240900BCC2E8 /* Main.storyboard in Resources */,
			);
			runOnlyForDeploymentPostprocessing = 0;
		};
		02D2F48C1CF2240900BCC2E8 /* Resources */ = {
			isa = PBXResourcesBuildPhase;
			buildActionMask = 2147483647;
			files = (
			);
			runOnlyForDeploymentPostprocessing = 0;
		};
		02D2F4971CF2240900BCC2E8 /* Resources */ = {
			isa = PBXResourcesBuildPhase;
			buildActionMask = 2147483647;
			files = (
			);
			runOnlyForDeploymentPostprocessing = 0;
		};
/* End PBXResourcesBuildPhase section */

/* Begin PBXSourcesBuildPhase section */
		02D2F4761CF2240900BCC2E8 /* Sources */ = {
			isa = PBXSourcesBuildPhase;
			buildActionMask = 2147483647;
			files = (
				02D2F4801CF2240900BCC2E8 /* ViewController.swift in Sources */,
				02D2F47E1CF2240900BCC2E8 /* AppDelegate.swift in Sources */,
			);
			runOnlyForDeploymentPostprocessing = 0;
		};
		02D2F48A1CF2240900BCC2E8 /* Sources */ = {
			isa = PBXSourcesBuildPhase;
			buildActionMask = 2147483647;
			files = (
				02D2F4931CF2240900BCC2E8 /* Week_1_Project__DropboxTests.swift in Sources */,
			);
			runOnlyForDeploymentPostprocessing = 0;
		};
		02D2F4951CF2240900BCC2E8 /* Sources */ = {
			isa = PBXSourcesBuildPhase;
			buildActionMask = 2147483647;
			files = (
				02D2F49E1CF2240900BCC2E8 /* Week_1_Project__DropboxUITests.swift in Sources */,
			);
			runOnlyForDeploymentPostprocessing = 0;
		};
/* End PBXSourcesBuildPhase section */

/* Begin PBXTargetDependency section */
		02D2F4901CF2240900BCC2E8 /* PBXTargetDependency */ = {
			isa = PBXTargetDependency;
			target = 02D2F4791CF2240900BCC2E8 /* Week 1 Project: Dropbox */;
			targetProxy = 02D2F48F1CF2240900BCC2E8 /* PBXContainerItemProxy */;
		};
		02D2F49B1CF2240900BCC2E8 /* PBXTargetDependency */ = {
			isa = PBXTargetDependency;
			target = 02D2F4791CF2240900BCC2E8 /* Week 1 Project: Dropbox */;
			targetProxy = 02D2F49A1CF2240900BCC2E8 /* PBXContainerItemProxy */;
		};
/* End PBXTargetDependency section */

/* Begin PBXVariantGroup section */
		02D2F4811CF2240900BCC2E8 /* Main.storyboard */ = {
			isa = PBXVariantGroup;
			children = (
				02D2F4821CF2240900BCC2E8 /* Base */,
			);
			name = Main.storyboard;
			sourceTree = "<group>";
		};
		02D2F4861CF2240900BCC2E8 /* LaunchScreen.storyboard */ = {
			isa = PBXVariantGroup;
			children = (
				02D2F4871CF2240900BCC2E8 /* Base */,
			);
			name = LaunchScreen.storyboard;
			sourceTree = "<group>";
		};
/* End PBXVariantGroup section */

/* Begin XCBuildConfiguration section */
		02D2F4A01CF2240900BCC2E8 /* Debug */ = {
			isa = XCBuildConfiguration;
			buildSettings = {
				ALWAYS_SEARCH_USER_PATHS = NO;
				CLANG_ANALYZER_NONNULL = YES;
				CLANG_CXX_LANGUAGE_STANDARD = "gnu++0x";
				CLANG_CXX_LIBRARY = "libc++";
				CLANG_ENABLE_MODULES = YES;
				CLANG_ENABLE_OBJC_ARC = YES;
				CLANG_WARN_BOOL_CONVERSION = YES;
				CLANG_WARN_CONSTANT_CONVERSION = YES;
				CLANG_WARN_DIRECT_OBJC_ISA_USAGE = YES_ERROR;
				CLANG_WARN_EMPTY_BODY = YES;
				CLANG_WARN_ENUM_CONVERSION = YES;
				CLANG_WARN_INT_CONVERSION = YES;
				CLANG_WARN_OBJC_ROOT_CLASS = YES_ERROR;
				CLANG_WARN_UNREACHABLE_CODE = YES;
				CLANG_WARN__DUPLICATE_METHOD_MATCH = YES;
				"CODE_SIGN_IDENTITY[sdk=iphoneos*]" = "iPhone Developer";
				COPY_PHASE_STRIP = NO;
				DEBUG_INFORMATION_FORMAT = dwarf;
				ENABLE_STRICT_OBJC_MSGSEND = YES;
				ENABLE_TESTABILITY = YES;
				GCC_C_LANGUAGE_STANDARD = gnu99;
				GCC_DYNAMIC_NO_PIC = NO;
				GCC_NO_COMMON_BLOCKS = YES;
				GCC_OPTIMIZATION_LEVEL = 0;
				GCC_PREPROCESSOR_DEFINITIONS = (
					"DEBUG=1",
					"$(inherited)",
				);
				GCC_WARN_64_TO_32_BIT_CONVERSION = YES;
				GCC_WARN_ABOUT_RETURN_TYPE = YES_ERROR;
				GCC_WARN_UNDECLARED_SELECTOR = YES;
				GCC_WARN_UNINITIALIZED_AUTOS = YES_AGGRESSIVE;
				GCC_WARN_UNUSED_FUNCTION = YES;
				GCC_WARN_UNUSED_VARIABLE = YES;
				IPHONEOS_DEPLOYMENT_TARGET = 9.3;
				MTL_ENABLE_DEBUG_INFO = YES;
				ONLY_ACTIVE_ARCH = YES;
				SDKROOT = iphoneos;
				SWIFT_OPTIMIZATION_LEVEL = "-Onone";
			};
			name = Debug;
		};
		02D2F4A11CF2240900BCC2E8 /* Release */ = {
			isa = XCBuildConfiguration;
			buildSettings = {
				ALWAYS_SEARCH_USER_PATHS = NO;
				CLANG_ANALYZER_NONNULL = YES;
				CLANG_CXX_LANGUAGE_STANDARD = "gnu++0x";
				CLANG_CXX_LIBRARY = "libc++";
				CLANG_ENABLE_MODULES = YES;
				CLANG_ENABLE_OBJC_ARC = YES;
				CLANG_WARN_BOOL_CONVERSION = YES;
				CLANG_WARN_CONSTANT_CONVERSION = YES;
				CLANG_WARN_DIRECT_OBJC_ISA_USAGE = YES_ERROR;
				CLANG_WARN_EMPTY_BODY = YES;
				CLANG_WARN_ENUM_CONVERSION = YES;
				CLANG_WARN_INT_CONVERSION = YES;
				CLANG_WARN_OBJC_ROOT_CLASS = YES_ERROR;
				CLANG_WARN_UNREACHABLE_CODE = YES;
				CLANG_WARN__DUPLICATE_METHOD_MATCH = YES;
				"CODE_SIGN_IDENTITY[sdk=iphoneos*]" = "iPhone Developer";
				COPY_PHASE_STRIP = NO;
				DEBUG_INFORMATION_FORMAT = "dwarf-with-dsym";
				ENABLE_NS_ASSERTIONS = NO;
				ENABLE_STRICT_OBJC_MSGSEND = YES;
				GCC_C_LANGUAGE_STANDARD = gnu99;
				GCC_NO_COMMON_BLOCKS = YES;
				GCC_WARN_64_TO_32_BIT_CONVERSION = YES;
				GCC_WARN_ABOUT_RETURN_TYPE = YES_ERROR;
				GCC_WARN_UNDECLARED_SELECTOR = YES;
				GCC_WARN_UNINITIALIZED_AUTOS = YES_AGGRESSIVE;
				GCC_WARN_UNUSED_FUNCTION = YES;
				GCC_WARN_UNUSED_VARIABLE = YES;
				IPHONEOS_DEPLOYMENT_TARGET = 9.3;
				MTL_ENABLE_DEBUG_INFO = NO;
				SDKROOT = iphoneos;
				VALIDATE_PRODUCT = YES;
			};
			name = Release;
		};
		02D2F4A31CF2240900BCC2E8 /* Debug */ = {
			isa = XCBuildConfiguration;
			buildSettings = {
				ASSETCATALOG_COMPILER_APPICON_NAME = AppIcon;
				INFOPLIST_FILE = "Week 1 Project: Dropbox/Info.plist";
				LD_RUNPATH_SEARCH_PATHS = "$(inherited) @executable_path/Frameworks";
				PRODUCT_BUNDLE_IDENTIFIER = "Skirano.Week-1-Project--Dropbox";
				PRODUCT_NAME = "$(TARGET_NAME)";
			};
			name = Debug;
		};
		02D2F4A41CF2240900BCC2E8 /* Release */ = {
			isa = XCBuildConfiguration;
			buildSettings = {
				ASSETCATALOG_COMPILER_APPICON_NAME = AppIcon;
				INFOPLIST_FILE = "Week 1 Project: Dropbox/Info.plist";
				LD_RUNPATH_SEARCH_PATHS = "$(inherited) @executable_path/Frameworks";
				PRODUCT_BUNDLE_IDENTIFIER = "Skirano.Week-1-Project--Dropbox";
				PRODUCT_NAME = "$(TARGET_NAME)";
			};
			name = Release;
		};
		02D2F4A61CF2240900BCC2E8 /* Debug */ = {
			isa = XCBuildConfiguration;
			buildSettings = {
				BUNDLE_LOADER = "$(TEST_HOST)";
				INFOPLIST_FILE = "Week 1 Project: DropboxTests/Info.plist";
				LD_RUNPATH_SEARCH_PATHS = "$(inherited) @executable_path/Frameworks @loader_path/Frameworks";
				PRODUCT_BUNDLE_IDENTIFIER = "Skirano.Week-1-Project--DropboxTests";
				PRODUCT_NAME = "$(TARGET_NAME)";
				TEST_HOST = "$(BUILT_PRODUCTS_DIR)/Week 1 Project: Dropbox.app/Week 1 Project: Dropbox";
			};
			name = Debug;
		};
		02D2F4A71CF2240900BCC2E8 /* Release */ = {
			isa = XCBuildConfiguration;
			buildSettings = {
				BUNDLE_LOADER = "$(TEST_HOST)";
				INFOPLIST_FILE = "Week 1 Project: DropboxTests/Info.plist";
				LD_RUNPATH_SEARCH_PATHS = "$(inherited) @executable_path/Frameworks @loader_path/Frameworks";
				PRODUCT_BUNDLE_IDENTIFIER = "Skirano.Week-1-Project--DropboxTests";
				PRODUCT_NAME = "$(TARGET_NAME)";
				TEST_HOST = "$(BUILT_PRODUCTS_DIR)/Week 1 Project: Dropbox.app/Week 1 Project: Dropbox";
			};
			name = Release;
		};
		02D2F4A91CF2240900BCC2E8 /* Debug */ = {
			isa = XCBuildConfiguration;
			buildSettings = {
				INFOPLIST_FILE = "Week 1 Project: DropboxUITests/Info.plist";
				LD_RUNPATH_SEARCH_PATHS = "$(inherited) @executable_path/Frameworks @loader_path/Frameworks";
				PRODUCT_BUNDLE_IDENTIFIER = "Skirano.Week-1-Project--DropboxUITests";
				PRODUCT_NAME = "$(TARGET_NAME)";
				TEST_TARGET_NAME = "Week 1 Project: Dropbox";
			};
			name = Debug;
		};
		02D2F4AA1CF2240900BCC2E8 /* Release */ = {
			isa = XCBuildConfiguration;
			buildSettings = {
				INFOPLIST_FILE = "Week 1 Project: DropboxUITests/Info.plist";
				LD_RUNPATH_SEARCH_PATHS = "$(inherited) @executable_path/Frameworks @loader_path/Frameworks";
				PRODUCT_BUNDLE_IDENTIFIER = "Skirano.Week-1-Project--DropboxUITests";
				PRODUCT_NAME = "$(TARGET_NAME)";
				TEST_TARGET_NAME = "Week 1 Project: Dropbox";
			};
			name = Release;
		};
/* End XCBuildConfiguration section */

/* Begin XCConfigurationList section */
		02D2F4751CF2240900BCC2E8 /* Build configuration list for PBXProject "Week 1 Project: Dropbox" */ = {
			isa = XCConfigurationList;
			buildConfigurations = (
				02D2F4A01CF2240900BCC2E8 /* Debug */,
				02D2F4A11CF2240900BCC2E8 /* Release */,
			);
			defaultConfigurationIsVisible = 0;
			defaultConfigurationName = Release;
		};
		02D2F4A21CF2240900BCC2E8 /* Build configuration list for PBXNativeTarget "Week 1 Project: Dropbox" */ = {
			isa = XCConfigurationList;
			buildConfigurations = (
				02D2F4A31CF2240900BCC2E8 /* Debug */,
				02D2F4A41CF2240900BCC2E8 /* Release */,
			);
			defaultConfigurationIsVisible = 0;
		};
		02D2F4A51CF2240900BCC2E8 /* Build configuration list for PBXNativeTarget "Week 1 Project: DropboxTests" */ = {
			isa = XCConfigurationList;
			buildConfigurations = (
				02D2F4A61CF2240900BCC2E8 /* Debug */,
				02D2F4A71CF2240900BCC2E8 /* Release */,
			);
			defaultConfigurationIsVisible = 0;
		};
		02D2F4A81CF2240900BCC2E8 /* Build configuration list for PBXNativeTarget "Week 1 Project: DropboxUITests" */ = {
			isa = XCConfigurationList;
			buildConfigurations = (
				02D2F4A91CF2240900BCC2E8 /* Debug */,
				02D2F4AA1CF2240900BCC2E8 /* Release */,
			);
			defaultConfigurationIsVisible = 0;
		};
/* End XCConfigurationList section */
	};
	rootObject = 02D2F4721CF2240900BCC2E8 /* Project object */;
}
